
Microsoft Visual Studio Solution File, Format Version 12.00
# Visual Studio Version 17
VisualStudioVersion = 17.10.35027.167
MinimumVisualStudioVersion = 10.0.40219.1
Project("{FAE04EC0-301F-11D3-BF4B-00C04F79EFBC}") = "metodlar", "metodlar\metodlar.csproj", "{BF5B1FFA-720C-44BE-ABF8-FFBAB05B3F1D}"
EndProject
Global
	GlobalSection(SolutionConfigurationPlatforms) = preSolution
		Debug|Any CPU = Debug|Any CPU
		Release|Any CPU = Release|Any CPU
	EndGlobalSection
	GlobalSection(ProjectConfigurationPlatforms) = postSolution
		{BF5B1FFA-720C-44BE-ABF8-FFBAB05B3F1D}.Debug|Any CPU.ActiveCfg = Debug|Any CPU
		{BF5B1FFA-720C-44BE-ABF8-FFBAB05B3F1D}.Debug|Any CPU.Build.0 = Debug|Any CPU
		{BF5B1FFA-720C-44BE-ABF8-FFBAB05B3F1D}.Release|Any CPU.ActiveCfg = Release|Any CPU
		{BF5B1FFA-720C-44BE-ABF8-FFBAB05B3F1D}.Release|Any CPU.Build.0 = Release|Any CPU
	EndGlobalSection
	GlobalSection(SolutionProperties) = preSolution
		HideSolutionNode = FALSE
	EndGlobalSection
	GlobalSection(ExtensibilityGlobals) = postSolution
		SolutionGuid = {536A8BFD-91AD-4B86-B99F-A4AFD0DF5118}
	EndGlobalSection
EndGlobal
